Microsoft Visual Studio Solution File, Format Version 12.00
# Visual Studio Version 17
VisualStudioVersion = 17.5.2.0
MinimumVisualStudioVersion = 10.0.40219.1
Project("{FAE04EC0-301F-11D3-BF4B-00C04F79EFBC}") = "RedisSpeedExperiment", "RedisSpeedExperiment.csproj", "{E820DBB9-1E3A-FA9C-09C4-EFCAB46A8736}"
EndProject
Global
	GlobalSection(SolutionConfigurationPlatforms) = preSolution
		Debug|Any CPU = Debug|Any CPU
		Release|Any CPU = Release|Any CPU
	EndGlobalSection
	GlobalSection(ProjectConfigurationPlatforms) = postSolution
		{E820DBB9-1E3A-FA9C-09C4-EFCAB46A8736}.Debug|Any CPU.ActiveCfg = Debug|Any CPU
		{E820DBB9-1E3A-FA9C-09C4-EFCAB46A8736}.Debug|Any CPU.Build.0 = Debug|Any CPU
		{E820DBB9-1E3A-FA9C-09C4-EFCAB46A8736}.Release|Any CPU.ActiveCfg = Release|Any CPU
		{E820DBB9-1E3A-FA9C-09C4-EFCAB46A8736}.Release|Any CPU.Build.0 = Release|Any CPU
	EndGlobalSection
	GlobalSection(SolutionProperties) = preSolution
		HideSolutionNode = FALSE
	EndGlobalSection
	GlobalSection(ExtensibilityGlobals) = postSolution
		SolutionGuid = {EE33CB06-B832-470A-BF97-B116B2A737E7}
	EndGlobalSection
EndGlobal
